
Microsoft Visual Studio Solution File, Format Version 12.00
# Visual Studio 15
VisualStudioVersion = 15.0.28307.1082
MinimumVisualStudioVersion = 10.0.40219.1
Project("{FAE04EC0-301F-11D3-BF4B-00C04F79EFBC}") = "Otopark Otomasyonu", "Otopark Otomasyonu\Otopark Otomasyonu.csproj", "{E361F0DF-DC76-498F-B87F-1351C4992649}"
EndProject
Global
	GlobalSection(SolutionConfigurationPlatforms) = preSolution
		Debug|Any CPU = Debug|Any CPU
		Release|Any CPU = Release|Any CPU
	EndGlobalSection
	GlobalSection(ProjectConfigurationPlatforms) = postSolution
		{E361F0DF-DC76-498F-B87F-1351C4992649}.Debug|Any CPU.ActiveCfg = Debug|Any CPU
		{E361F0DF-DC76-498F-B87F-1351C4992649}.Debug|Any CPU.Build.0 = Debug|Any CPU
		{E361F0DF-DC76-498F-B87F-1351C4992649}.Release|Any CPU.ActiveCfg = Release|Any CPU
		{E361F0DF-DC76-498F-B87F-1351C4992649}.Release|Any CPU.Build.0 = Release|Any CPU
	EndGlobalSection
	GlobalSection(SolutionProperties) = preSolution
		HideSolutionNode = FALSE
	EndGlobalSection
	GlobalSection(ExtensibilityGlobals) = postSolution
		SolutionGuid = {08AF145E-34C4-4577-BE3C-7A2E1613AC25}
	EndGlobalSection
EndGlobal
